
Microsoft Visual Studio Solution File, Format Version 12.00
# Visual Studio 2013
VisualStudioVersion = 12.0.40629.0
MinimumVisualStudioVersion = 10.0.40219.1
Project("{8BC9CEB8-8B4A-11D0-8D11-00A0C91BC942}") = "kdb+", "kdb+\kdb+.vcxproj", "{8B865083-762C-42AA-82AD-00C577B9E1EF}"
	ProjectSection(ProjectDependencies) = postProject
		{15DC0B83-55C7-466E-9A76-FD5D54598F4A} = {15DC0B83-55C7-466E-9A76-FD5D54598F4A}
	EndProjectSection
EndProject
Project("{8BC9CEB8-8B4A-11D0-8D11-00A0C91BC942}") = "kdb+.util", "kdb+.util\kdb+.util.vcxproj", "{15DC0B83-55C7-466E-9A76-FD5D54598F4A}"
	ProjectSection(ProjectDependencies) = postProject
		{7609463A-AF49-4D74-9BBB-51C144514573} = {7609463A-AF49-4D74-9BBB-51C144514573}
		{0D958CB7-1F8E-4F2E-81DA-5ECD1CC4FDFE} = {0D958CB7-1F8E-4F2E-81DA-5ECD1CC4FDFE}
	EndProjectSection
EndProject
Project("{8BC9CEB8-8B4A-11D0-8D11-00A0C91BC942}") = "Wind_API", "Wind_API\Wind_API.vcxproj", "{FF4C0297-4686-4F23-B461-499F583AA3EA}"
	ProjectSection(ProjectDependencies) = postProject
		{7609463A-AF49-4D74-9BBB-51C144514573} = {7609463A-AF49-4D74-9BBB-51C144514573}
		{E1757D5A-2CB1-458E-B5F9-0978A9ACB2C5} = {E1757D5A-2CB1-458E-B5F9-0978A9ACB2C5}
		{15DC0B83-55C7-466E-9A76-FD5D54598F4A} = {15DC0B83-55C7-466E-9A76-FD5D54598F4A}
	EndProjectSection
EndProject
Project("{8BC9CEB8-8B4A-11D0-8D11-00A0C91BC942}") = "win32.util", "win32.util\win32.util.vcxproj", "{7609463A-AF49-4D74-9BBB-51C144514573}"
EndProject
Project("{8BC9CEB8-8B4A-11D0-8D11-00A0C91BC942}") = "TDB_API", "TDB_API\TDB_API.vcxproj", "{9E5FE548-9404-41BA-A057-A24908F60E40}"
	ProjectSection(ProjectDependencies) = postProject
		{7609463A-AF49-4D74-9BBB-51C144514573} = {7609463A-AF49-4D74-9BBB-51C144514573}
		{E1757D5A-2CB1-458E-B5F9-0978A9ACB2C5} = {E1757D5A-2CB1-458E-B5F9-0978A9ACB2C5}
		{15DC0B83-55C7-466E-9A76-FD5D54598F4A} = {15DC0B83-55C7-466E-9A76-FD5D54598F4A}
	EndProjectSection
EndProject
Project("{8BC9CEB8-8B4A-11D0-8D11-00A0C91BC942}") = "Wind.util", "Wind.util\Wind.util.vcxproj", "{E1757D5A-2CB1-458E-B5F9-0978A9ACB2C5}"
	ProjectSection(ProjectDependencies) = postProject
		{15DC0B83-55C7-466E-9A76-FD5D54598F4A} = {15DC0B83-55C7-466E-9A76-FD5D54598F4A}
	EndProjectSection
EndProject
Project("{8BC9CEB8-8B4A-11D0-8D11-00A0C91BC942}") = "Test_kdb+.util", "Test_kdb+.util\Test_kdb+.util.vcxproj", "{317F7BCC-DFEC-429B-ADF3-F0454041F5F7}"
	ProjectSection(ProjectDependencies) = postProject
		{7609463A-AF49-4D74-9BBB-51C144514573} = {7609463A-AF49-4D74-9BBB-51C144514573}
		{0D958CB7-1F8E-4F2E-81DA-5ECD1CC4FDFE} = {0D958CB7-1F8E-4F2E-81DA-5ECD1CC4FDFE}
	EndProjectSection
EndProject
Project("{8BC9CEB8-8B4A-11D0-8D11-00A0C91BC942}") = "Test_win32.util", "Test_win32.util\Test_win32.util.vcxproj", "{3FDFFF67-CBF2-4173-8FAB-FD9F3E55DD0C}"
EndProject
Project("{8BC9CEB8-8B4A-11D0-8D11-00A0C91BC942}") = "kdb+.hack", "kdb+.hack\kdb+.hack.vcxproj", "{0D958CB7-1F8E-4F2E-81DA-5ECD1CC4FDFE}"
EndProject
Project("{8BC9CEB8-8B4A-11D0-8D11-00A0C91BC942}") = "RD_API", "RD_API\RD_API.vcxproj", "{55BBFDE1-EA31-4060-B13E-E9E0F75375C8}"
EndProject
Project("{8BC9CEB8-8B4A-11D0-8D11-00A0C91BC942}") = "win32_com", "win32_com\win32_com.vcxproj", "{6EB66A4D-3DF0-4FD7-A3BE-5380034A09CA}"
	ProjectSection(ProjectDependencies) = postProject
		{7609463A-AF49-4D74-9BBB-51C144514573} = {7609463A-AF49-4D74-9BBB-51C144514573}
		{15DC0B83-55C7-466E-9A76-FD5D54598F4A} = {15DC0B83-55C7-466E-9A76-FD5D54598F4A}
	EndProjectSection
EndProject
Global
	GlobalSection(SolutionConfigurationPlatforms) = preSolution
		Debug|Win32 = Debug|Win32
		Release|Win32 = Release|Win32
	EndGlobalSection
	GlobalSection(ProjectConfigurationPlatforms) = postSolution
		{8B865083-762C-42AA-82AD-00C577B9E1EF}.Debug|Win32.ActiveCfg = Debug|Win32
		{8B865083-762C-42AA-82AD-00C577B9E1EF}.Debug|Win32.Build.0 = Debug|Win32
		{8B865083-762C-42AA-82AD-00C577B9E1EF}.Release|Win32.ActiveCfg = Release|Win32
		{8B865083-762C-42AA-82AD-00C577B9E1EF}.Release|Win32.Build.0 = Release|Win32
		{15DC0B83-55C7-466E-9A76-FD5D54598F4A}.Debug|Win32.ActiveCfg = Debug|Win32
		{15DC0B83-55C7-466E-9A76-FD5D54598F4A}.Debug|Win32.Build.0 = Debug|Win32
		{15DC0B83-55C7-466E-9A76-FD5D54598F4A}.Release|Win32.ActiveCfg = Release|Win32
		{15DC0B83-55C7-466E-9A76-FD5D54598F4A}.Release|Win32.Build.0 = Release|Win32
		{FF4C0297-4686-4F23-B461-499F583AA3EA}.Debug|Win32.ActiveCfg = Debug|Win32
		{FF4C0297-4686-4F23-B461-499F583AA3EA}.Debug|Win32.Build.0 = Debug|Win32
		{FF4C0297-4686-4F23-B461-499F583AA3EA}.Release|Win32.ActiveCfg = Release|Win32
		{FF4C0297-4686-4F23-B461-499F583AA3EA}.Release|Win32.Build.0 = Release|Win32
		{7609463A-AF49-4D74-9BBB-51C144514573}.Debug|Win32.ActiveCfg = Debug|Win32
		{7609463A-AF49-4D74-9BBB-51C144514573}.Debug|Win32.Build.0 = Debug|Win32
		{7609463A-AF49-4D74-9BBB-51C144514573}.Release|Win32.ActiveCfg = Release|Win32
		{7609463A-AF49-4D74-9BBB-51C144514573}.Release|Win32.Build.0 = Release|Win32
		{9E5FE548-9404-41BA-A057-A24908F60E40}.Debug|Win32.ActiveCfg = Debug|Win32
		{9E5FE548-9404-41BA-A057-A24908F60E40}.Debug|Win32.Build.0 = Debug|Win32
		{9E5FE548-9404-41BA-A057-A24908F60E40}.Release|Win32.ActiveCfg = Release|Win32
		{9E5FE548-9404-41BA-A057-A24908F60E40}.Release|Win32.Build.0 = Release|Win32
		{E1757D5A-2CB1-458E-B5F9-0978A9ACB2C5}.Debug|Win32.ActiveCfg = Debug|Win32
		{E1757D5A-2CB1-458E-B5F9-0978A9ACB2C5}.Debug|Win32.Build.0 = Debug|Win32
		{E1757D5A-2CB1-458E-B5F9-0978A9ACB2C5}.Release|Win32.ActiveCfg = Release|Win32
		{E1757D5A-2CB1-458E-B5F9-0978A9ACB2C5}.Release|Win32.Build.0 = Release|Win32
		{317F7BCC-DFEC-429B-ADF3-F0454041F5F7}.Debug|Win32.ActiveCfg = Debug|Win32
		{317F7BCC-DFEC-429B-ADF3-F0454041F5F7}.Debug|Win32.Build.0 = Debug|Win32
		{317F7BCC-DFEC-429B-ADF3-F0454041F5F7}.Release|Win32.ActiveCfg = Release|Win32
		{3FDFFF67-CBF2-4173-8FAB-FD9F3E55DD0C}.Debug|Win32.ActiveCfg = Debug|Win32
		{3FDFFF67-CBF2-4173-8FAB-FD9F3E55DD0C}.Debug|Win32.Build.0 = Debug|Win32
		{3FDFFF67-CBF2-4173-8FAB-FD9F3E55DD0C}.Release|Win32.ActiveCfg = Release|Win32
		{0D958CB7-1F8E-4F2E-81DA-5ECD1CC4FDFE}.Debug|Win32.ActiveCfg = Debug|Win32
		{0D958CB7-1F8E-4F2E-81DA-5ECD1CC4FDFE}.Debug|Win32.Build.0 = Debug|Win32
		{0D958CB7-1F8E-4F2E-81DA-5ECD1CC4FDFE}.Release|Win32.ActiveCfg = Release|Win32
		{0D958CB7-1F8E-4F2E-81DA-5ECD1CC4FDFE}.Release|Win32.Build.0 = Release|Win32
		{55BBFDE1-EA31-4060-B13E-E9E0F75375C8}.Debug|Win32.ActiveCfg = Debug|Win32
		{55BBFDE1-EA31-4060-B13E-E9E0F75375C8}.Debug|Win32.Build.0 = Debug|Win32
		{55BBFDE1-EA31-4060-B13E-E9E0F75375C8}.Release|Win32.ActiveCfg = Release|Win32
		{55BBFDE1-EA31-4060-B13E-E9E0F75375C8}.Release|Win32.Build.0 = Release|Win32
		{6EB66A4D-3DF0-4FD7-A3BE-5380034A09CA}.Debug|Win32.ActiveCfg = Debug|Win32
		{6EB66A4D-3DF0-4FD7-A3BE-5380034A09CA}.Debug|Win32.Build.0 = Debug|Win32
		{6EB66A4D-3DF0-4FD7-A3BE-5380034A09CA}.Release|Win32.ActiveCfg = Release|Win32
		{6EB66A4D-3DF0-4FD7-A3BE-5380034A09CA}.Release|Win32.Build.0 = Release|Win32
	EndGlobalSection
	GlobalSection(SolutionProperties) = preSolution
		HideSolutionNode = FALSE
	EndGlobalSection
EndGlobal
